
Microsoft Visual Studio Solution File, Format Version 12.00
# Visual Studio Version 17
VisualStudioVersion = 17.7.34024.191
MinimumVisualStudioVersion = 10.0.40219.1
Project("{FAE04EC0-301F-11D3-BF4B-00C04F79EFBC}") = "MNIST_Core", "NN\MNIST_Core.csproj", "{7979B1A5-987C-472B-A40A-4FDF63EC88B2}"
EndProject
Project("{FAE04EC0-301F-11D3-BF4B-00C04F79EFBC}") = "MNIST_Main", "MNIST_Main\MNIST_Main.csproj", "{8884E84C-85FC-4BB1-B524-AF5F53403BF7}"
EndProject
Project("{FAE04EC0-301F-11D3-BF4B-00C04F79EFBC}") = "NeuralNetworks", "NeuralNetworks\NeuralNetworks.csproj", "{1BCACDD2-C27D-4C91-B118-243B5CF5D276}"
EndProject
Global
	GlobalSection(SolutionConfigurationPlatforms) = preSolution
		Debug|Any CPU = Debug|Any CPU
		Release|Any CPU = Release|Any CPU
	EndGlobalSection
	GlobalSection(ProjectConfigurationPlatforms) = postSolution
		{7979B1A5-987C-472B-A40A-4FDF63EC88B2}.Debug|Any CPU.ActiveCfg = Debug|Any CPU
		{7979B1A5-987C-472B-A40A-4FDF63EC88B2}.Debug|Any CPU.Build.0 = Debug|Any CPU
		{7979B1A5-987C-472B-A40A-4FDF63EC88B2}.Release|Any CPU.ActiveCfg = Release|Any CPU
		{7979B1A5-987C-472B-A40A-4FDF63EC88B2}.Release|Any CPU.Build.0 = Release|Any CPU
		{8884E84C-85FC-4BB1-B524-AF5F53403BF7}.Debug|Any CPU.ActiveCfg = Debug|Any CPU
		{8884E84C-85FC-4BB1-B524-AF5F53403BF7}.Debug|Any CPU.Build.0 = Debug|Any CPU
		{8884E84C-85FC-4BB1-B524-AF5F53403BF7}.Release|Any CPU.ActiveCfg = Release|Any CPU
		{8884E84C-85FC-4BB1-B524-AF5F53403BF7}.Release|Any CPU.Build.0 = Release|Any CPU
		{1BCACDD2-C27D-4C91-B118-243B5CF5D276}.Debug|Any CPU.ActiveCfg = Debug|Any CPU
		{1BCACDD2-C27D-4C91-B118-243B5CF5D276}.Debug|Any CPU.Build.0 = Debug|Any CPU
		{1BCACDD2-C27D-4C91-B118-243B5CF5D276}.Release|Any CPU.ActiveCfg = Release|Any CPU
		{1BCACDD2-C27D-4C91-B118-243B5CF5D276}.Release|Any CPU.Build.0 = Release|Any CPU
	EndGlobalSection
	GlobalSection(SolutionProperties) = preSolution
		HideSolutionNode = FALSE
	EndGlobalSection
EndGlobal
